
Microsoft Visual Studio Solution File, Format Version 12.00
# Visual Studio 14
VisualStudioVersion = 14.0.24720.0
MinimumVisualStudioVersion = 10.0.40219.1
Project("{FAE04EC0-301F-11D3-BF4B-00C04F79EFBC}") = "Jokes", "Jokes\Jokes.csproj", "{1FF425AE-1522-4DEB-85F4-BB7F1628B473}"
EndProject
Project("{FAE04EC0-301F-11D3-BF4B-00C04F79EFBC}") = "DAL", "DAL\DAL.csproj", "{AFE6C467-974D-441D-99B4-655A9E5279A5}"
EndProject
Global
	GlobalSection(SolutionConfigurationPlatforms) = preSolution
		Debug|Any CPU = Debug|Any CPU
		Release|Any CPU = Release|Any CPU
	EndGlobalSection
	GlobalSection(ProjectConfigurationPlatforms) = postSolution
		{1FF425AE-1522-4DEB-85F4-BB7F1628B473}.Debug|Any CPU.ActiveCfg = Debug|Any CPU
		{1FF425AE-1522-4DEB-85F4-BB7F1628B473}.Debug|Any CPU.Build.0 = Debug|Any CPU
		{1FF425AE-1522-4DEB-85F4-BB7F1628B473}.Release|Any CPU.ActiveCfg = Release|Any CPU
		{1FF425AE-1522-4DEB-85F4-BB7F1628B473}.Release|Any CPU.Build.0 = Release|Any CPU
		{AFE6C467-974D-441D-99B4-655A9E5279A5}.Debug|Any CPU.ActiveCfg = Debug|Any CPU
		{AFE6C467-974D-441D-99B4-655A9E5279A5}.Debug|Any CPU.Build.0 = Debug|Any CPU
		{AFE6C467-974D-441D-99B4-655A9E5279A5}.Release|Any CPU.ActiveCfg = Release|Any CPU
		{AFE6C467-974D-441D-99B4-655A9E5279A5}.Release|Any CPU.Build.0 = Release|Any CPU
	EndGlobalSection
	GlobalSection(SolutionProperties) = preSolution
		HideSolutionNode = FALSE
	EndGlobalSection
EndGlobal
